
Microsoft Visual Studio Solution File, Format Version 12.00
# Visual Studio Version 16
VisualStudioVersion = 16.0.31005.135
MinimumVisualStudioVersion = 10.0.40219.1
Project("{FAE04EC0-301F-11D3-BF4B-00C04F79EFBC}") = "WhaggerAt", "WhaggerAt\WhaggerAt.csproj", "{BF24BB38-1A24-443A-BD5E-A30ACF0B595B}"
EndProject
Global
	GlobalSection(SolutionConfigurationPlatforms) = preSolution
		Debug|Any CPU = Debug|Any CPU
		Release|Any CPU = Release|Any CPU
	EndGlobalSection
	GlobalSection(ProjectConfigurationPlatforms) = postSolution
		{BF24BB38-1A24-443A-BD5E-A30ACF0B595B}.Debug|Any CPU.ActiveCfg = Debug|Any CPU
		{BF24BB38-1A24-443A-BD5E-A30ACF0B595B}.Debug|Any CPU.Build.0 = Debug|Any CPU
		{BF24BB38-1A24-443A-BD5E-A30ACF0B595B}.Release|Any CPU.ActiveCfg = Release|Any CPU
		{BF24BB38-1A24-443A-BD5E-A30ACF0B595B}.Release|Any CPU.Build.0 = Release|Any CPU
	EndGlobalSection
	GlobalSection(SolutionProperties) = preSolution
		HideSolutionNode = FALSE
	EndGlobalSection
	GlobalSection(ExtensibilityGlobals) = postSolution
		SolutionGuid = {2EC9E89F-1167-46DA-8D68-0B530F3FACAA}
	EndGlobalSection
EndGlobal
